
Microsoft Visual Studio Solution File, Format Version 12.00
# Visual Studio Version 17
VisualStudioVersion = 17.1.32328.378
MinimumVisualStudioVersion = 10.0.40219.1
Project("{FAE04EC0-301F-11D3-BF4B-00C04F79EFBC}") = "XamarinToDo.UWP", "XamarinToDo.UWP\XamarinToDo.UWP.csproj", "{921466C9-A849-4BB2-BBB3-437D12124ABD}"
EndProject
Project("{FAE04EC0-301F-11D3-BF4B-00C04F79EFBC}") = "XamarinToDo.Android", "XamarinToDo.Android\XamarinToDo.Android.csproj", "{5E603E2E-4AE2-41F9-B3DE-37BE142FB38A}"
EndProject
Project("{FAE04EC0-301F-11D3-BF4B-00C04F79EFBC}") = "XamarinToDo.iOS", "XamarinToDo.iOS\XamarinToDo.iOS.csproj", "{9E4891F6-4081-493C-93BB-A647C8EDFA08}"
EndProject
Project("{FAE04EC0-301F-11D3-BF4B-00C04F79EFBC}") = "XamarinToDo", "XamarinToDo\XamarinToDo.csproj", "{0E7C37D2-CC5E-4D18-B5F9-4915CBC199DA}"
EndProject
Global
	GlobalSection(SolutionConfigurationPlatforms) = preSolution
		Debug|Any CPU = Debug|Any CPU
		Debug|ARM = Debug|ARM
		Debug|iPhone = Debug|iPhone
		Debug|iPhoneSimulator = Debug|iPhoneSimulator
		Debug|x64 = Debug|x64
		Debug|x86 = Debug|x86
		Release|Any CPU = Release|Any CPU
		Release|ARM = Release|ARM
		Release|iPhone = Release|iPhone
		Release|iPhoneSimulator = Release|iPhoneSimulator
		Release|x64 = Release|x64
		Release|x86 = Release|x86
	EndGlobalSection
	GlobalSection(ProjectConfigurationPlatforms) = postSolution
		{921466C9-A849-4BB2-BBB3-437D12124ABD}.Debug|Any CPU.ActiveCfg = Debug|x64
		{921466C9-A849-4BB2-BBB3-437D12124ABD}.Debug|Any CPU.Build.0 = Debug|x64
		{921466C9-A849-4BB2-BBB3-437D12124ABD}.Debug|Any CPU.Deploy.0 = Debug|x64
		{921466C9-A849-4BB2-BBB3-437D12124ABD}.Debug|ARM.ActiveCfg = Debug|ARM
		{921466C9-A849-4BB2-BBB3-437D12124ABD}.Debug|ARM.Build.0 = Debug|ARM
		{921466C9-A849-4BB2-BBB3-437D12124ABD}.Debug|ARM.Deploy.0 = Debug|ARM
		{921466C9-A849-4BB2-BBB3-437D12124ABD}.Debug|iPhone.ActiveCfg = Debug|x64
		{921466C9-A849-4BB2-BBB3-437D12124ABD}.Debug|iPhone.Build.0 = Debug|x64
		{921466C9-A849-4BB2-BBB3-437D12124ABD}.Debug|iPhone.Deploy.0 = Debug|x64
		{921466C9-A849-4BB2-BBB3-437D12124ABD}.Debug|iPhoneSimulator.ActiveCfg = Debug|x64
		{921466C9-A849-4BB2-BBB3-437D12124ABD}.Debug|iPhoneSimulator.Build.0 = Debug|x64
		{921466C9-A849-4BB2-BBB3-437D12124ABD}.Debug|iPhoneSimulator.Deploy.0 = Debug|x64
		{921466C9-A849-4BB2-BBB3-437D12124ABD}.Debug|x64.ActiveCfg = Debug|x64
		{921466C9-A849-4BB2-BBB3-437D12124ABD}.Debug|x64.Build.0 = Debug|x64
		{921466C9-A849-4BB2-BBB3-437D12124ABD}.Debug|x64.Deploy.0 = Debug|x64
		{921466C9-A849-4BB2-BBB3-437D12124ABD}.Debug|x86.ActiveCfg = Debug|x86
		{921466C9-A849-4BB2-BBB3-437D12124ABD}.Debug|x86.Build.0 = Debug|x86
		{921466C9-A849-4BB2-BBB3-437D12124ABD}.Debug|x86.Deploy.0 = Debug|x86
		{921466C9-A849-4BB2-BBB3-437D12124ABD}.Release|Any CPU.ActiveCfg = Release|x64
		{921466C9-A849-4BB2-BBB3-437D12124ABD}.Release|Any CPU.Build.0 = Release|x64
		{921466C9-A849-4BB2-BBB3-437D12124ABD}.Release|Any CPU.Deploy.0 = Release|x64
		{921466C9-A849-4BB2-BBB3-437D12124ABD}.Release|ARM.ActiveCfg = Release|ARM
		{921466C9-A849-4BB2-BBB3-437D12124ABD}.Release|ARM.Build.0 = Release|ARM
		{921466C9-A849-4BB2-BBB3-437D12124ABD}.Release|ARM.Deploy.0 = Release|ARM
		{921466C9-A849-4BB2-BBB3-437D12124ABD}.Release|iPhone.ActiveCfg = Release|x64
		{921466C9-A849-4BB2-BBB3-437D12124ABD}.Release|iPhone.Build.0 = Release|x64
		{921466C9-A849-4BB2-BBB3-437D12124ABD}.Release|iPhone.Deploy.0 = Release|x64
		{921466C9-A849-4BB2-BBB3-437D12124ABD}.Release|iPhoneSimulator.ActiveCfg = Release|x64
		{921466C9-A849-4BB2-BBB3-437D12124ABD}.Release|iPhoneSimulator.Build.0 = Release|x64
		{921466C9-A849-4BB2-BBB3-437D12124ABD}.Release|iPhoneSimulator.Deploy.0 = Release|x64
		{921466C9-A849-4BB2-BBB3-437D12124ABD}.Release|x64.ActiveCfg = Release|x64
		{921466C9-A849-4BB2-BBB3-437D12124ABD}.Release|x64.Build.0 = Release|x64
		{921466C9-A849-4BB2-BBB3-437D12124ABD}.Release|x64.Deploy.0 = Release|x64
		{921466C9-A849-4BB2-BBB3-437D12124ABD}.Release|x86.ActiveCfg = Release|x86
		{921466C9-A849-4BB2-BBB3-437D12124ABD}.Release|x86.Build.0 = Release|x86
		{921466C9-A849-4BB2-BBB3-437D12124ABD}.Release|x86.Deploy.0 = Release|x86
		{5E603E2E-4AE2-41F9-B3DE-37BE142FB38A}.Debug|Any CPU.ActiveCfg = Debug|Any CPU
		{5E603E2E-4AE2-41F9-B3DE-37BE142FB38A}.Debug|Any CPU.Build.0 = Debug|Any CPU
		{5E603E2E-4AE2-41F9-B3DE-37BE142FB38A}.Debug|Any CPU.Deploy.0 = Debug|Any CPU
		{5E603E2E-4AE2-41F9-B3DE-37BE142FB38A}.Debug|ARM.ActiveCfg = Debug|Any CPU
		{5E603E2E-4AE2-41F9-B3DE-37BE142FB38A}.Debug|ARM.Build.0 = Debug|Any CPU
		{5E603E2E-4AE2-41F9-B3DE-37BE142FB38A}.Debug|ARM.Deploy.0 = Debug|Any CPU
		{5E603E2E-4AE2-41F9-B3DE-37BE142FB38A}.Debug|iPhone.ActiveCfg = Debug|Any CPU
		{5E603E2E-4AE2-41F9-B3DE-37BE142FB38A}.Debug|iPhone.Build.0 = Debug|Any CPU
		{5E603E2E-4AE2-41F9-B3DE-37BE142FB38A}.Debug|iPhone.Deploy.0 = Debug|Any CPU
		{5E603E2E-4AE2-41F9-B3DE-37BE142FB38A}.Debug|iPhoneSimulator.ActiveCfg = Debug|Any CPU
		{5E603E2E-4AE2-41F9-B3DE-37BE142FB38A}.Debug|iPhoneSimulator.Build.0 = Debug|Any CPU
		{5E603E2E-4AE2-41F9-B3DE-37BE142FB38A}.Debug|iPhoneSimulator.Deploy.0 = Debug|Any CPU
		{5E603E2E-4AE2-41F9-B3DE-37BE142FB38A}.Debug|x64.ActiveCfg = Debug|Any CPU
		{5E603E2E-4AE2-41F9-B3DE-37BE142FB38A}.Debug|x64.Build.0 = Debug|Any CPU
		{5E603E2E-4AE2-41F9-B3DE-37BE142FB38A}.Debug|x64.Deploy.0 = Debug|Any CPU
		{5E603E2E-4AE2-41F9-B3DE-37BE142FB38A}.Debug|x86.ActiveCfg = Debug|Any CPU
		{5E603E2E-4AE2-41F9-B3DE-37BE142FB38A}.Debug|x86.Build.0 = Debug|Any CPU
		{5E603E2E-4AE2-41F9-B3DE-37BE142FB38A}.Debug|x86.Deploy.0 = Debug|Any CPU
		{5E603E2E-4AE2-41F9-B3DE-37BE142FB38A}.Release|Any CPU.ActiveCfg = Release|Any CPU
		{5E603E2E-4AE2-41F9-B3DE-37BE142FB38A}.Release|Any CPU.Build.0 = Release|Any CPU
		{5E603E2E-4AE2-41F9-B3DE-37BE142FB38A}.Release|Any CPU.Deploy.0 = Release|Any CPU
		{5E603E2E-4AE2-41F9-B3DE-37BE142FB38A}.Release|ARM.ActiveCfg = Release|Any CPU
		{5E603E2E-4AE2-41F9-B3DE-37BE142FB38A}.Release|ARM.Build.0 = Release|Any CPU
		{5E603E2E-4AE2-41F9-B3DE-37BE142FB38A}.Release|ARM.Deploy.0 = Release|Any CPU
		{5E603E2E-4AE2-41F9-B3DE-37BE142FB38A}.Release|iPhone.ActiveCfg = Release|Any CPU
		{5E603E2E-4AE2-41F9-B3DE-37BE142FB38A}.Release|iPhone.Build.0 = Release|Any CPU
		{5E603E2E-4AE2-41F9-B3DE-37BE142FB38A}.Release|iPhone.Deploy.0 = Release|Any CPU
		{5E603E2E-4AE2-41F9-B3DE-37BE142FB38A}.Release|iPhoneSimulator.ActiveCfg = Release|Any CPU
		{5E603E2E-4AE2-41F9-B3DE-37BE142FB38A}.Release|iPhoneSimulator.Build.0 = Release|Any CPU
		{5E603E2E-4AE2-41F9-B3DE-37BE142FB38A}.Release|iPhoneSimulator.Deploy.0 = Release|Any CPU
		{5E603E2E-4AE2-41F9-B3DE-37BE142FB38A}.Release|x64.ActiveCfg = Release|Any CPU
		{5E603E2E-4AE2-41F9-B3DE-37BE142FB38A}.Release|x64.Build.0 = Release|Any CPU
		{5E603E2E-4AE2-41F9-B3DE-37BE142FB38A}.Release|x64.Deploy.0 = Release|Any CPU
		{5E603E2E-4AE2-41F9-B3DE-37BE142FB38A}.Release|x86.ActiveCfg = Release|Any CPU
		{5E603E2E-4AE2-41F9-B3DE-37BE142FB38A}.Release|x86.Build.0 = Release|Any CPU
		{5E603E2E-4AE2-41F9-B3DE-37BE142FB38A}.Release|x86.Deploy.0 = Release|Any CPU
		{9E4891F6-4081-493C-93BB-A647C8EDFA08}.Debug|Any CPU.ActiveCfg = Debug|iPhoneSimulator
		{9E4891F6-4081-493C-93BB-A647C8EDFA08}.Debug|Any CPU.Build.0 = Debug|iPhoneSimulator
		{9E4891F6-4081-493C-93BB-A647C8EDFA08}.Debug|Any CPU.Deploy.0 = Debug|iPhoneSimulator
		{9E4891F6-4081-493C-93BB-A647C8EDFA08}.Debug|ARM.ActiveCfg = Debug|iPhoneSimulator
		{9E4891F6-4081-493C-93BB-A647C8EDFA08}.Debug|ARM.Build.0 = Debug|iPhoneSimulator
		{9E4891F6-4081-493C-93BB-A647C8EDFA08}.Debug|ARM.Deploy.0 = Debug|iPhoneSimulator
		{9E4891F6-4081-493C-93BB-A647C8EDFA08}.Debug|iPhone.ActiveCfg = Debug|iPhone
		{9E4891F6-4081-493C-93BB-A647C8EDFA08}.Debug|iPhone.Build.0 = Debug|iPhone
		{9E4891F6-4081-493C-93BB-A647C8EDFA08}.Debug|iPhone.Deploy.0 = Debug|iPhone
		{9E4891F6-4081-493C-93BB-A647C8EDFA08}.Debug|iPhoneSimulator.ActiveCfg = Debug|iPhoneSimulator
		{9E4891F6-4081-493C-93BB-A647C8EDFA08}.Debug|iPhoneSimulator.Build.0 = Debug|iPhoneSimulator
		{9E4891F6-4081-493C-93BB-A647C8EDFA08}.Debug|iPhoneSimulator.Deploy.0 = Debug|iPhoneSimulator
		{9E4891F6-4081-493C-93BB-A647C8EDFA08}.Debug|x64.ActiveCfg = Debug|iPhone
		{9E4891F6-4081-493C-93BB-A647C8EDFA08}.Debug|x64.Build.0 = Debug|iPhone
		{9E4891F6-4081-493C-93BB-A647C8EDFA08}.Debug|x64.Deploy.0 = Debug|iPhone
		{9E4891F6-4081-493C-93BB-A647C8EDFA08}.Debug|x86.ActiveCfg = Debug|iPhoneSimulator
		{9E4891F6-4081-493C-93BB-A647C8EDFA08}.Debug|x86.Build.0 = Debug|iPhoneSimulator
		{9E4891F6-4081-493C-93BB-A647C8EDFA08}.Debug|x86.Deploy.0 = Debug|iPhoneSimulator
		{9E4891F6-4081-493C-93BB-A647C8EDFA08}.Release|Any CPU.ActiveCfg = Release|iPhoneSimulator
		{9E4891F6-4081-493C-93BB-A647C8EDFA08}.Release|Any CPU.Build.0 = Release|iPhoneSimulator
		{9E4891F6-4081-493C-93BB-A647C8EDFA08}.Release|Any CPU.Deploy.0 = Release|iPhoneSimulator
		{9E4891F6-4081-493C-93BB-A647C8EDFA08}.Release|ARM.ActiveCfg = Release|iPhoneSimulator
		{9E4891F6-4081-493C-93BB-A647C8EDFA08}.Release|ARM.Build.0 = Release|iPhoneSimulator
		{9E4891F6-4081-493C-93BB-A647C8EDFA08}.Release|ARM.Deploy.0 = Release|iPhoneSimulator
		{9E4891F6-4081-493C-93BB-A647C8EDFA08}.Release|iPhone.ActiveCfg = Release|iPhone
		{9E4891F6-4081-493C-93BB-A647C8EDFA08}.Release|iPhone.Build.0 = Release|iPhone
		{9E4891F6-4081-493C-93BB-A647C8EDFA08}.Release|iPhone.Deploy.0 = Release|iPhone
		{9E4891F6-4081-493C-93BB-A647C8EDFA08}.Release|iPhoneSimulator.ActiveCfg = Release|iPhoneSimulator
		{9E4891F6-4081-493C-93BB-A647C8EDFA08}.Release|iPhoneSimulator.Build.0 = Release|iPhoneSimulator
		{9E4891F6-4081-493C-93BB-A647C8EDFA08}.Release|iPhoneSimulator.Deploy.0 = Release|iPhoneSimulator
		{9E4891F6-4081-493C-93BB-A647C8EDFA08}.Release|x64.ActiveCfg = Release|iPhoneSimulator
		{9E4891F6-4081-493C-93BB-A647C8EDFA08}.Release|x64.Build.0 = Release|iPhoneSimulator
		{9E4891F6-4081-493C-93BB-A647C8EDFA08}.Release|x64.Deploy.0 = Release|iPhoneSimulator
		{9E4891F6-4081-493C-93BB-A647C8EDFA08}.Release|x86.ActiveCfg = Release|iPhoneSimulator
		{9E4891F6-4081-493C-93BB-A647C8EDFA08}.Release|x86.Build.0 = Release|iPhoneSimulator
		{9E4891F6-4081-493C-93BB-A647C8EDFA08}.Release|x86.Deploy.0 = Release|iPhoneSimulator
		{0E7C37D2-CC5E-4D18-B5F9-4915CBC199DA}.Debug|Any CPU.ActiveCfg = Debug|Any CPU
		{0E7C37D2-CC5E-4D18-B5F9-4915CBC199DA}.Debug|Any CPU.Build.0 = Debug|Any CPU
		{0E7C37D2-CC5E-4D18-B5F9-4915CBC199DA}.Debug|Any CPU.Deploy.0 = Debug|Any CPU
		{0E7C37D2-CC5E-4D18-B5F9-4915CBC199DA}.Debug|ARM.ActiveCfg = Debug|Any CPU
		{0E7C37D2-CC5E-4D18-B5F9-4915CBC199DA}.Debug|ARM.Build.0 = Debug|Any CPU
		{0E7C37D2-CC5E-4D18-B5F9-4915CBC199DA}.Debug|ARM.Deploy.0 = Debug|Any CPU
		{0E7C37D2-CC5E-4D18-B5F9-4915CBC199DA}.Debug|iPhone.ActiveCfg = Debug|Any CPU
		{0E7C37D2-CC5E-4D18-B5F9-4915CBC199DA}.Debug|iPhone.Build.0 = Debug|Any CPU
		{0E7C37D2-CC5E-4D18-B5F9-4915CBC199DA}.Debug|iPhone.Deploy.0 = Debug|Any CPU
		{0E7C37D2-CC5E-4D18-B5F9-4915CBC199DA}.Debug|iPhoneSimulator.ActiveCfg = Debug|Any CPU
		{0E7C37D2-CC5E-4D18-B5F9-4915CBC199DA}.Debug|iPhoneSimulator.Build.0 = Debug|Any CPU
		{0E7C37D2-CC5E-4D18-B5F9-4915CBC199DA}.Debug|iPhoneSimulator.Deploy.0 = Debug|Any CPU
		{0E7C37D2-CC5E-4D18-B5F9-4915CBC199DA}.Debug|x64.ActiveCfg = Debug|Any CPU
		{0E7C37D2-CC5E-4D18-B5F9-4915CBC199DA}.Debug|x64.Build.0 = Debug|Any CPU
		{0E7C37D2-CC5E-4D18-B5F9-4915CBC199DA}.Debug|x64.Deploy.0 = Debug|Any CPU
		{0E7C37D2-CC5E-4D18-B5F9-4915CBC199DA}.Debug|x86.ActiveCfg = Debug|Any CPU
		{0E7C37D2-CC5E-4D18-B5F9-4915CBC199DA}.Debug|x86.Build.0 = Debug|Any CPU
		{0E7C37D2-CC5E-4D18-B5F9-4915CBC199DA}.Debug|x86.Deploy.0 = Debug|Any CPU
		{0E7C37D2-CC5E-4D18-B5F9-4915CBC199DA}.Release|Any CPU.ActiveCfg = Release|Any CPU
		{0E7C37D2-CC5E-4D18-B5F9-4915CBC199DA}.Release|Any CPU.Build.0 = Release|Any CPU
		{0E7C37D2-CC5E-4D18-B5F9-4915CBC199DA}.Release|Any CPU.Deploy.0 = Release|Any CPU
		{0E7C37D2-CC5E-4D18-B5F9-4915CBC199DA}.Release|ARM.ActiveCfg = Release|Any CPU
		{0E7C37D2-CC5E-4D18-B5F9-4915CBC199DA}.Release|ARM.Build.0 = Release|Any CPU
		{0E7C37D2-CC5E-4D18-B5F9-4915CBC199DA}.Release|ARM.Deploy.0 = Release|Any CPU
		{0E7C37D2-CC5E-4D18-B5F9-4915CBC199DA}.Release|iPhone.ActiveCfg = Release|Any CPU
		{0E7C37D2-CC5E-4D18-B5F9-4915CBC199DA}.Release|iPhone.Build.0 = Release|Any CPU
		{0E7C37D2-CC5E-4D18-B5F9-4915CBC199DA}.Release|iPhone.Deploy.0 = Release|Any CPU
		{0E7C37D2-CC5E-4D18-B5F9-4915CBC199DA}.Release|iPhoneSimulator.ActiveCfg = Release|Any CPU
		{0E7C37D2-CC5E-4D18-B5F9-4915CBC199DA}.Release|iPhoneSimulator.Build.0 = Release|Any CPU
		{0E7C37D2-CC5E-4D18-B5F9-4915CBC199DA}.Release|iPhoneSimulator.Deploy.0 = Release|Any CPU
		{0E7C37D2-CC5E-4D18-B5F9-4915CBC199DA}.Release|x64.ActiveCfg = Release|Any CPU
		{0E7C37D2-CC5E-4D18-B5F9-4915CBC199DA}.Release|x64.Build.0 = Release|Any CPU
		{0E7C37D2-CC5E-4D18-B5F9-4915CBC199DA}.Release|x64.Deploy.0 = Release|Any CPU
		{0E7C37D2-CC5E-4D18-B5F9-4915CBC199DA}.Release|x86.ActiveCfg = Release|Any CPU
		{0E7C37D2-CC5E-4D18-B5F9-4915CBC199DA}.Release|x86.Build.0 = Release|Any CPU
		{0E7C37D2-CC5E-4D18-B5F9-4915CBC199DA}.Release|x86.Deploy.0 = Release|Any CPU
	EndGlobalSection
	GlobalSection(SolutionProperties) = preSolution
		HideSolutionNode = FALSE
	EndGlobalSection
	GlobalSection(ExtensibilityGlobals) = postSolution
		SolutionGuid = {EF4C3767-3B60-4A47-9E5C-DD5843B45DF8}
	EndGlobalSection
EndGlobal
